
Microsoft Visual Studio Solution File, Format Version 12.00
# Visual Studio 2012
Project("{8BC9CEB8-8B4A-11D0-8D11-00A0C91BC942}") = "IntersectTriangleCylinder", "IntersectTriangleCylinderDx9_VC110.vcxproj", "{F9269288-A190-4D0F-ACB3-BACAEC3D7A53}"
EndProject
Project("{2150E333-8FDC-42A3-9474-1A3956D46DE8}") = "Libraries", "Libraries", "{5F1D94F7-2B62-4E92-A28C-8A5753491AF8}"
EndProject
Project("{8BC9CEB8-8B4A-11D0-8D11-00A0C91BC942}") = "LibCore_VC110", "..\..\LibCore\LibCore_VC110.vcxproj", "{4915B5B4-800B-40E2-A46B-703F8F38E066}"
EndProject
Project("{8BC9CEB8-8B4A-11D0-8D11-00A0C91BC942}") = "LibMathematics_VC110", "..\..\LibMathematics\LibMathematics_VC110.vcxproj", "{D7B74341-C2E2-470B-A375-3E97CECA3457}"
	ProjectSection(ProjectDependencies) = postProject
		{4915B5B4-800B-40E2-A46B-703F8F38E066} = {4915B5B4-800B-40E2-A46B-703F8F38E066}
	EndProjectSection
EndProject
Project("{8BC9CEB8-8B4A-11D0-8D11-00A0C91BC942}") = "LibImagics_VC110", "..\..\LibImagics\LibImagics_VC110.vcxproj", "{280AB789-07FF-49FD-9FDD-4459AC601D24}"
	ProjectSection(ProjectDependencies) = postProject
		{D7B74341-C2E2-470B-A375-3E97CECA3457} = {D7B74341-C2E2-470B-A375-3E97CECA3457}
		{4915B5B4-800B-40E2-A46B-703F8F38E066} = {4915B5B4-800B-40E2-A46B-703F8F38E066}
	EndProjectSection
EndProject
Project("{8BC9CEB8-8B4A-11D0-8D11-00A0C91BC942}") = "LibPhysics_VC110", "..\..\LibPhysics\LibPhysics_VC110.vcxproj", "{E78B9DAF-8937-4C0D-8C49-9C01EBFCF529}"
	ProjectSection(ProjectDependencies) = postProject
		{D7B74341-C2E2-470B-A375-3E97CECA3457} = {D7B74341-C2E2-470B-A375-3E97CECA3457}
		{4915B5B4-800B-40E2-A46B-703F8F38E066} = {4915B5B4-800B-40E2-A46B-703F8F38E066}
	EndProjectSection
EndProject
Project("{8BC9CEB8-8B4A-11D0-8D11-00A0C91BC942}") = "LibDx9Graphics_VC110", "..\..\LibGraphics\LibDx9Graphics_VC110.vcxproj", "{D57F935B-2FEB-4C5F-B199-23785BF21CEB}"
	ProjectSection(ProjectDependencies) = postProject
		{D7B74341-C2E2-470B-A375-3E97CECA3457} = {D7B74341-C2E2-470B-A375-3E97CECA3457}
		{4915B5B4-800B-40E2-A46B-703F8F38E066} = {4915B5B4-800B-40E2-A46B-703F8F38E066}
	EndProjectSection
EndProject
Project("{8BC9CEB8-8B4A-11D0-8D11-00A0C91BC942}") = "LibDx9Applications_VC110", "..\..\LibApplications\LibDx9Applications_VC110.vcxproj", "{D070AFF0-E688-4E38-9C89-AB016371B618}"
	ProjectSection(ProjectDependencies) = postProject
		{D7B74341-C2E2-470B-A375-3E97CECA3457} = {D7B74341-C2E2-470B-A375-3E97CECA3457}
		{D57F935B-2FEB-4C5F-B199-23785BF21CEB} = {D57F935B-2FEB-4C5F-B199-23785BF21CEB}
		{280AB789-07FF-49FD-9FDD-4459AC601D24} = {280AB789-07FF-49FD-9FDD-4459AC601D24}
		{E78B9DAF-8937-4C0D-8C49-9C01EBFCF529} = {E78B9DAF-8937-4C0D-8C49-9C01EBFCF529}
		{4915B5B4-800B-40E2-A46B-703F8F38E066} = {4915B5B4-800B-40E2-A46B-703F8F38E066}
	EndProjectSection
EndProject
Global
	GlobalSection(SolutionConfigurationPlatforms) = preSolution
		Debug|Win32 = Debug|Win32
		Debug|x64 = Debug|x64
		DebugDLL|Win32 = DebugDLL|Win32
		DebugDLL|x64 = DebugDLL|x64
		Release|Win32 = Release|Win32
		Release|x64 = Release|x64
		ReleaseDLL|Win32 = ReleaseDLL|Win32
		ReleaseDLL|x64 = ReleaseDLL|x64
	EndGlobalSection
	GlobalSection(ProjectConfigurationPlatforms) = postSolution
		{F9269288-A190-4D0F-ACB3-BACAEC3D7A53}.Debug|Win32.ActiveCfg = Debug|Win32
		{F9269288-A190-4D0F-ACB3-BACAEC3D7A53}.Debug|Win32.Build.0 = Debug|Win32
		{F9269288-A190-4D0F-ACB3-BACAEC3D7A53}.Debug|x64.ActiveCfg = Debug|x64
		{F9269288-A190-4D0F-ACB3-BACAEC3D7A53}.Debug|x64.Build.0 = Debug|x64
		{F9269288-A190-4D0F-ACB3-BACAEC3D7A53}.DebugDLL|Win32.ActiveCfg = DebugDLL|Win32
		{F9269288-A190-4D0F-ACB3-BACAEC3D7A53}.DebugDLL|Win32.Build.0 = DebugDLL|Win32
		{F9269288-A190-4D0F-ACB3-BACAEC3D7A53}.DebugDLL|x64.ActiveCfg = DebugDLL|x64
		{F9269288-A190-4D0F-ACB3-BACAEC3D7A53}.DebugDLL|x64.Build.0 = DebugDLL|x64
		{F9269288-A190-4D0F-ACB3-BACAEC3D7A53}.Release|Win32.ActiveCfg = Release|Win32
		{F9269288-A190-4D0F-ACB3-BACAEC3D7A53}.Release|Win32.Build.0 = Release|Win32
		{F9269288-A190-4D0F-ACB3-BACAEC3D7A53}.Release|x64.ActiveCfg = Release|x64
		{F9269288-A190-4D0F-ACB3-BACAEC3D7A53}.Release|x64.Build.0 = Release|x64
		{F9269288-A190-4D0F-ACB3-BACAEC3D7A53}.ReleaseDLL|Win32.ActiveCfg = ReleaseDLL|Win32
		{F9269288-A190-4D0F-ACB3-BACAEC3D7A53}.ReleaseDLL|Win32.Build.0 = ReleaseDLL|Win32
		{F9269288-A190-4D0F-ACB3-BACAEC3D7A53}.ReleaseDLL|x64.ActiveCfg = ReleaseDLL|x64
		{F9269288-A190-4D0F-ACB3-BACAEC3D7A53}.ReleaseDLL|x64.Build.0 = ReleaseDLL|x64
		{4915B5B4-800B-40E2-A46B-703F8F38E066}.Debug|Win32.ActiveCfg = Debug|Win32
		{4915B5B4-800B-40E2-A46B-703F8F38E066}.Debug|Win32.Build.0 = Debug|Win32
		{4915B5B4-800B-40E2-A46B-703F8F38E066}.Debug|x64.ActiveCfg = Debug|x64
		{4915B5B4-800B-40E2-A46B-703F8F38E066}.Debug|x64.Build.0 = Debug|x64
		{4915B5B4-800B-40E2-A46B-703F8F38E066}.DebugDLL|Win32.ActiveCfg = DebugDLL|Win32
		{4915B5B4-800B-40E2-A46B-703F8F38E066}.DebugDLL|Win32.Build.0 = DebugDLL|Win32
		{4915B5B4-800B-40E2-A46B-703F8F38E066}.DebugDLL|x64.ActiveCfg = DebugDLL|x64
		{4915B5B4-800B-40E2-A46B-703F8F38E066}.DebugDLL|x64.Build.0 = DebugDLL|x64
		{4915B5B4-800B-40E2-A46B-703F8F38E066}.Release|Win32.ActiveCfg = Release|Win32
		{4915B5B4-800B-40E2-A46B-703F8F38E066}.Release|Win32.Build.0 = Release|Win32
		{4915B5B4-800B-40E2-A46B-703F8F38E066}.Release|x64.ActiveCfg = Release|x64
		{4915B5B4-800B-40E2-A46B-703F8F38E066}.Release|x64.Build.0 = Release|x64
		{4915B5B4-800B-40E2-A46B-703F8F38E066}.ReleaseDLL|Win32.ActiveCfg = ReleaseDLL|Win32
		{4915B5B4-800B-40E2-A46B-703F8F38E066}.ReleaseDLL|Win32.Build.0 = ReleaseDLL|Win32
		{4915B5B4-800B-40E2-A46B-703F8F38E066}.ReleaseDLL|x64.ActiveCfg = ReleaseDLL|x64
		{4915B5B4-800B-40E2-A46B-703F8F38E066}.ReleaseDLL|x64.Build.0 = ReleaseDLL|x64
		{D7B74341-C2E2-470B-A375-3E97CECA3457}.Debug|Win32.ActiveCfg = Debug|Win32
		{D7B74341-C2E2-470B-A375-3E97CECA3457}.Debug|Win32.Build.0 = Debug|Win32
		{D7B74341-C2E2-470B-A375-3E97CECA3457}.Debug|x64.ActiveCfg = Debug|x64
		{D7B74341-C2E2-470B-A375-3E97CECA3457}.Debug|x64.Build.0 = Debug|x64
		{D7B74341-C2E2-470B-A375-3E97CECA3457}.DebugDLL|Win32.ActiveCfg = DebugDLL|Win32
		{D7B74341-C2E2-470B-A375-3E97CECA3457}.DebugDLL|Win32.Build.0 = DebugDLL|Win32
		{D7B74341-C2E2-470B-A375-3E97CECA3457}.DebugDLL|x64.ActiveCfg = DebugDLL|x64
		{D7B74341-C2E2-470B-A375-3E97CECA3457}.DebugDLL|x64.Build.0 = DebugDLL|x64
		{D7B74341-C2E2-470B-A375-3E97CECA3457}.Release|Win32.ActiveCfg = Release|Win32
		{D7B74341-C2E2-470B-A375-3E97CECA3457}.Release|Win32.Build.0 = Release|Win32
		{D7B74341-C2E2-470B-A375-3E97CECA3457}.Release|x64.ActiveCfg = Release|x64
		{D7B74341-C2E2-470B-A375-3E97CECA3457}.Release|x64.Build.0 = Release|x64
		{D7B74341-C2E2-470B-A375-3E97CECA3457}.ReleaseDLL|Win32.ActiveCfg = ReleaseDLL|Win32
		{D7B74341-C2E2-470B-A375-3E97CECA3457}.ReleaseDLL|Win32.Build.0 = ReleaseDLL|Win32
		{D7B74341-C2E2-470B-A375-3E97CECA3457}.ReleaseDLL|x64.ActiveCfg = ReleaseDLL|x64
		{D7B74341-C2E2-470B-A375-3E97CECA3457}.ReleaseDLL|x64.Build.0 = ReleaseDLL|x64
		{280AB789-07FF-49FD-9FDD-4459AC601D24}.Debug|Win32.ActiveCfg = Debug|Win32
		{280AB789-07FF-49FD-9FDD-4459AC601D24}.Debug|Win32.Build.0 = Debug|Win32
		{280AB789-07FF-49FD-9FDD-4459AC601D24}.Debug|x64.ActiveCfg = Debug|x64
		{280AB789-07FF-49FD-9FDD-4459AC601D24}.Debug|x64.Build.0 = Debug|x64
		{280AB789-07FF-49FD-9FDD-4459AC601D24}.DebugDLL|Win32.ActiveCfg = DebugDLL|Win32
		{280AB789-07FF-49FD-9FDD-4459AC601D24}.DebugDLL|Win32.Build.0 = DebugDLL|Win32
		{280AB789-07FF-49FD-9FDD-4459AC601D24}.DebugDLL|x64.ActiveCfg = DebugDLL|x64
		{280AB789-07FF-49FD-9FDD-4459AC601D24}.DebugDLL|x64.Build.0 = DebugDLL|x64
		{280AB789-07FF-49FD-9FDD-4459AC601D24}.Release|Win32.ActiveCfg = Release|Win32
		{280AB789-07FF-49FD-9FDD-4459AC601D24}.Release|Win32.Build.0 = Release|Win32
		{280AB789-07FF-49FD-9FDD-4459AC601D24}.Release|x64.ActiveCfg = Release|x64
		{280AB789-07FF-49FD-9FDD-4459AC601D24}.Release|x64.Build.0 = Release|x64
		{280AB789-07FF-49FD-9FDD-4459AC601D24}.ReleaseDLL|Win32.ActiveCfg = ReleaseDLL|Win32
		{280AB789-07FF-49FD-9FDD-4459AC601D24}.ReleaseDLL|Win32.Build.0 = ReleaseDLL|Win32
		{280AB789-07FF-49FD-9FDD-4459AC601D24}.ReleaseDLL|x64.ActiveCfg = ReleaseDLL|x64
		{280AB789-07FF-49FD-9FDD-4459AC601D24}.ReleaseDLL|x64.Build.0 = ReleaseDLL|x64
		{E78B9DAF-8937-4C0D-8C49-9C01EBFCF529}.Debug|Win32.ActiveCfg = Debug|Win32
		{E78B9DAF-8937-4C0D-8C49-9C01EBFCF529}.Debug|Win32.Build.0 = Debug|Win32
		{E78B9DAF-8937-4C0D-8C49-9C01EBFCF529}.Debug|x64.ActiveCfg = Debug|x64
		{E78B9DAF-8937-4C0D-8C49-9C01EBFCF529}.Debug|x64.Build.0 = Debug|x64
		{E78B9DAF-8937-4C0D-8C49-9C01EBFCF529}.DebugDLL|Win32.ActiveCfg = DebugDLL|Win32
		{E78B9DAF-8937-4C0D-8C49-9C01EBFCF529}.DebugDLL|Win32.Build.0 = DebugDLL|Win32
		{E78B9DAF-8937-4C0D-8C49-9C01EBFCF529}.DebugDLL|x64.ActiveCfg = DebugDLL|x64
		{E78B9DAF-8937-4C0D-8C49-9C01EBFCF529}.DebugDLL|x64.Build.0 = DebugDLL|x64
		{E78B9DAF-8937-4C0D-8C49-9C01EBFCF529}.Release|Win32.ActiveCfg = Release|Win32
		{E78B9DAF-8937-4C0D-8C49-9C01EBFCF529}.Release|Win32.Build.0 = Release|Win32
		{E78B9DAF-8937-4C0D-8C49-9C01EBFCF529}.Release|x64.ActiveCfg = Release|x64
		{E78B9DAF-8937-4C0D-8C49-9C01EBFCF529}.Release|x64.Build.0 = Release|x64
		{E78B9DAF-8937-4C0D-8C49-9C01EBFCF529}.ReleaseDLL|Win32.ActiveCfg = ReleaseDLL|Win32
		{E78B9DAF-8937-4C0D-8C49-9C01EBFCF529}.ReleaseDLL|Win32.Build.0 = ReleaseDLL|Win32
		{E78B9DAF-8937-4C0D-8C49-9C01EBFCF529}.ReleaseDLL|x64.ActiveCfg = ReleaseDLL|x64
		{E78B9DAF-8937-4C0D-8C49-9C01EBFCF529}.ReleaseDLL|x64.Build.0 = ReleaseDLL|x64
		{D57F935B-2FEB-4C5F-B199-23785BF21CEB}.Debug|Win32.ActiveCfg = Debug|Win32
		{D57F935B-2FEB-4C5F-B199-23785BF21CEB}.Debug|Win32.Build.0 = Debug|Win32
		{D57F935B-2FEB-4C5F-B199-23785BF21CEB}.Debug|x64.ActiveCfg = Debug|x64
		{D57F935B-2FEB-4C5F-B199-23785BF21CEB}.Debug|x64.Build.0 = Debug|x64
		{D57F935B-2FEB-4C5F-B199-23785BF21CEB}.DebugDLL|Win32.ActiveCfg = DebugDLL|Win32
		{D57F935B-2FEB-4C5F-B199-23785BF21CEB}.DebugDLL|Win32.Build.0 = DebugDLL|Win32
		{D57F935B-2FEB-4C5F-B199-23785BF21CEB}.DebugDLL|x64.ActiveCfg = DebugDLL|x64
		{D57F935B-2FEB-4C5F-B199-23785BF21CEB}.DebugDLL|x64.Build.0 = DebugDLL|x64
		{D57F935B-2FEB-4C5F-B199-23785BF21CEB}.Release|Win32.ActiveCfg = Release|Win32
		{D57F935B-2FEB-4C5F-B199-23785BF21CEB}.Release|Win32.Build.0 = Release|Win32
		{D57F935B-2FEB-4C5F-B199-23785BF21CEB}.Release|x64.ActiveCfg = Release|x64
		{D57F935B-2FEB-4C5F-B199-23785BF21CEB}.Release|x64.Build.0 = Release|x64
		{D57F935B-2FEB-4C5F-B199-23785BF21CEB}.ReleaseDLL|Win32.ActiveCfg = ReleaseDLL|Win32
		{D57F935B-2FEB-4C5F-B199-23785BF21CEB}.ReleaseDLL|Win32.Build.0 = ReleaseDLL|Win32
		{D57F935B-2FEB-4C5F-B199-23785BF21CEB}.ReleaseDLL|x64.ActiveCfg = ReleaseDLL|x64
		{D57F935B-2FEB-4C5F-B199-23785BF21CEB}.ReleaseDLL|x64.Build.0 = ReleaseDLL|x64
		{D070AFF0-E688-4E38-9C89-AB016371B618}.Debug|Win32.ActiveCfg = Debug|Win32
		{D070AFF0-E688-4E38-9C89-AB016371B618}.Debug|Win32.Build.0 = Debug|Win32
		{D070AFF0-E688-4E38-9C89-AB016371B618}.Debug|x64.ActiveCfg = Debug|x64
		{D070AFF0-E688-4E38-9C89-AB016371B618}.Debug|x64.Build.0 = Debug|x64
		{D070AFF0-E688-4E38-9C89-AB016371B618}.DebugDLL|Win32.ActiveCfg = DebugDLL|Win32
		{D070AFF0-E688-4E38-9C89-AB016371B618}.DebugDLL|Win32.Build.0 = DebugDLL|Win32
		{D070AFF0-E688-4E38-9C89-AB016371B618}.DebugDLL|x64.ActiveCfg = DebugDLL|x64
		{D070AFF0-E688-4E38-9C89-AB016371B618}.DebugDLL|x64.Build.0 = DebugDLL|x64
		{D070AFF0-E688-4E38-9C89-AB016371B618}.Release|Win32.ActiveCfg = Release|Win32
		{D070AFF0-E688-4E38-9C89-AB016371B618}.Release|Win32.Build.0 = Release|Win32
		{D070AFF0-E688-4E38-9C89-AB016371B618}.Release|x64.ActiveCfg = Release|x64
		{D070AFF0-E688-4E38-9C89-AB016371B618}.Release|x64.Build.0 = Release|x64
		{D070AFF0-E688-4E38-9C89-AB016371B618}.ReleaseDLL|Win32.ActiveCfg = ReleaseDLL|Win32
		{D070AFF0-E688-4E38-9C89-AB016371B618}.ReleaseDLL|Win32.Build.0 = ReleaseDLL|Win32
		{D070AFF0-E688-4E38-9C89-AB016371B618}.ReleaseDLL|x64.ActiveCfg = ReleaseDLL|x64
		{D070AFF0-E688-4E38-9C89-AB016371B618}.ReleaseDLL|x64.Build.0 = ReleaseDLL|x64
	EndGlobalSection
	GlobalSection(SolutionProperties) = preSolution
		HideSolutionNode = FALSE
	EndGlobalSection
	GlobalSection(NestedProjects) = preSolution
		{4915B5B4-800B-40E2-A46B-703F8F38E066} = {5F1D94F7-2B62-4E92-A28C-8A5753491AF8}
		{D7B74341-C2E2-470B-A375-3E97CECA3457} = {5F1D94F7-2B62-4E92-A28C-8A5753491AF8}
		{280AB789-07FF-49FD-9FDD-4459AC601D24} = {5F1D94F7-2B62-4E92-A28C-8A5753491AF8}
		{E78B9DAF-8937-4C0D-8C49-9C01EBFCF529} = {5F1D94F7-2B62-4E92-A28C-8A5753491AF8}
		{D57F935B-2FEB-4C5F-B199-23785BF21CEB} = {5F1D94F7-2B62-4E92-A28C-8A5753491AF8}
		{D070AFF0-E688-4E38-9C89-AB016371B618} = {5F1D94F7-2B62-4E92-A28C-8A5753491AF8}
	EndGlobalSection
EndGlobal
