
Microsoft Visual Studio Solution File, Format Version 12.00
# Visual Studio 2012
Project("{8BC9CEB8-8B4A-11D0-8D11-00A0C91BC942}") = "NonuniformScale", "NonuniformScaleWgl_VC110.vcxproj", "{1EB56E61-C6B7-4F3E-9836-D7A81F841906}"
EndProject
Project("{2150E333-8FDC-42A3-9474-1A3956D46DE8}") = "Libraries", "Libraries", "{E418B25F-84FD-4325-9C98-28E895601AD4}"
EndProject
Project("{8BC9CEB8-8B4A-11D0-8D11-00A0C91BC942}") = "LibCore_VC110", "..\..\LibCore\LibCore_VC110.vcxproj", "{4915B5B4-800B-40E2-A46B-703F8F38E066}"
EndProject
Project("{8BC9CEB8-8B4A-11D0-8D11-00A0C91BC942}") = "LibMathematics_VC110", "..\..\LibMathematics\LibMathematics_VC110.vcxproj", "{D7B74341-C2E2-470B-A375-3E97CECA3457}"
	ProjectSection(ProjectDependencies) = postProject
		{4915B5B4-800B-40E2-A46B-703F8F38E066} = {4915B5B4-800B-40E2-A46B-703F8F38E066}
	EndProjectSection
EndProject
Project("{8BC9CEB8-8B4A-11D0-8D11-00A0C91BC942}") = "LibImagics_VC110", "..\..\LibImagics\LibImagics_VC110.vcxproj", "{280AB789-07FF-49FD-9FDD-4459AC601D24}"
	ProjectSection(ProjectDependencies) = postProject
		{D7B74341-C2E2-470B-A375-3E97CECA3457} = {D7B74341-C2E2-470B-A375-3E97CECA3457}
		{4915B5B4-800B-40E2-A46B-703F8F38E066} = {4915B5B4-800B-40E2-A46B-703F8F38E066}
	EndProjectSection
EndProject
Project("{8BC9CEB8-8B4A-11D0-8D11-00A0C91BC942}") = "LibPhysics_VC110", "..\..\LibPhysics\LibPhysics_VC110.vcxproj", "{E78B9DAF-8937-4C0D-8C49-9C01EBFCF529}"
	ProjectSection(ProjectDependencies) = postProject
		{D7B74341-C2E2-470B-A375-3E97CECA3457} = {D7B74341-C2E2-470B-A375-3E97CECA3457}
		{4915B5B4-800B-40E2-A46B-703F8F38E066} = {4915B5B4-800B-40E2-A46B-703F8F38E066}
	EndProjectSection
EndProject
Project("{8BC9CEB8-8B4A-11D0-8D11-00A0C91BC942}") = "LibWglGraphics_VC110", "..\..\LibGraphics\LibWglGraphics_VC110.vcxproj", "{D710FED2-D476-487D-B22F-63FF60737F7B}"
	ProjectSection(ProjectDependencies) = postProject
		{D7B74341-C2E2-470B-A375-3E97CECA3457} = {D7B74341-C2E2-470B-A375-3E97CECA3457}
		{4915B5B4-800B-40E2-A46B-703F8F38E066} = {4915B5B4-800B-40E2-A46B-703F8F38E066}
	EndProjectSection
EndProject
Project("{8BC9CEB8-8B4A-11D0-8D11-00A0C91BC942}") = "LibWglApplications_VC110", "..\..\LibApplications\LibWglApplications_VC110.vcxproj", "{C6E70FEE-EDEF-47CA-BA86-CBE4698B387F}"
	ProjectSection(ProjectDependencies) = postProject
		{D7B74341-C2E2-470B-A375-3E97CECA3457} = {D7B74341-C2E2-470B-A375-3E97CECA3457}
		{D710FED2-D476-487D-B22F-63FF60737F7B} = {D710FED2-D476-487D-B22F-63FF60737F7B}
		{280AB789-07FF-49FD-9FDD-4459AC601D24} = {280AB789-07FF-49FD-9FDD-4459AC601D24}
		{E78B9DAF-8937-4C0D-8C49-9C01EBFCF529} = {E78B9DAF-8937-4C0D-8C49-9C01EBFCF529}
		{4915B5B4-800B-40E2-A46B-703F8F38E066} = {4915B5B4-800B-40E2-A46B-703F8F38E066}
	EndProjectSection
EndProject
Global
	GlobalSection(SolutionConfigurationPlatforms) = preSolution
		Debug|Win32 = Debug|Win32
		Debug|x64 = Debug|x64
		DebugDLL|Win32 = DebugDLL|Win32
		DebugDLL|x64 = DebugDLL|x64
		Release|Win32 = Release|Win32
		Release|x64 = Release|x64
		ReleaseDLL|Win32 = ReleaseDLL|Win32
		ReleaseDLL|x64 = ReleaseDLL|x64
	EndGlobalSection
	GlobalSection(ProjectConfigurationPlatforms) = postSolution
		{1EB56E61-C6B7-4F3E-9836-D7A81F841906}.Debug|Win32.ActiveCfg = Debug|Win32
		{1EB56E61-C6B7-4F3E-9836-D7A81F841906}.Debug|Win32.Build.0 = Debug|Win32
		{1EB56E61-C6B7-4F3E-9836-D7A81F841906}.Debug|x64.ActiveCfg = Debug|x64
		{1EB56E61-C6B7-4F3E-9836-D7A81F841906}.Debug|x64.Build.0 = Debug|x64
		{1EB56E61-C6B7-4F3E-9836-D7A81F841906}.DebugDLL|Win32.ActiveCfg = DebugDLL|Win32
		{1EB56E61-C6B7-4F3E-9836-D7A81F841906}.DebugDLL|Win32.Build.0 = DebugDLL|Win32
		{1EB56E61-C6B7-4F3E-9836-D7A81F841906}.DebugDLL|x64.ActiveCfg = DebugDLL|x64
		{1EB56E61-C6B7-4F3E-9836-D7A81F841906}.DebugDLL|x64.Build.0 = DebugDLL|x64
		{1EB56E61-C6B7-4F3E-9836-D7A81F841906}.Release|Win32.ActiveCfg = Release|Win32
		{1EB56E61-C6B7-4F3E-9836-D7A81F841906}.Release|Win32.Build.0 = Release|Win32
		{1EB56E61-C6B7-4F3E-9836-D7A81F841906}.Release|x64.ActiveCfg = Release|x64
		{1EB56E61-C6B7-4F3E-9836-D7A81F841906}.Release|x64.Build.0 = Release|x64
		{1EB56E61-C6B7-4F3E-9836-D7A81F841906}.ReleaseDLL|Win32.ActiveCfg = ReleaseDLL|Win32
		{1EB56E61-C6B7-4F3E-9836-D7A81F841906}.ReleaseDLL|Win32.Build.0 = ReleaseDLL|Win32
		{1EB56E61-C6B7-4F3E-9836-D7A81F841906}.ReleaseDLL|x64.ActiveCfg = ReleaseDLL|x64
		{1EB56E61-C6B7-4F3E-9836-D7A81F841906}.ReleaseDLL|x64.Build.0 = ReleaseDLL|x64
		{4915B5B4-800B-40E2-A46B-703F8F38E066}.Debug|Win32.ActiveCfg = Debug|Win32
		{4915B5B4-800B-40E2-A46B-703F8F38E066}.Debug|Win32.Build.0 = Debug|Win32
		{4915B5B4-800B-40E2-A46B-703F8F38E066}.Debug|x64.ActiveCfg = Debug|x64
		{4915B5B4-800B-40E2-A46B-703F8F38E066}.Debug|x64.Build.0 = Debug|x64
		{4915B5B4-800B-40E2-A46B-703F8F38E066}.DebugDLL|Win32.ActiveCfg = DebugDLL|Win32
		{4915B5B4-800B-40E2-A46B-703F8F38E066}.DebugDLL|Win32.Build.0 = DebugDLL|Win32
		{4915B5B4-800B-40E2-A46B-703F8F38E066}.DebugDLL|x64.ActiveCfg = DebugDLL|x64
		{4915B5B4-800B-40E2-A46B-703F8F38E066}.DebugDLL|x64.Build.0 = DebugDLL|x64
		{4915B5B4-800B-40E2-A46B-703F8F38E066}.Release|Win32.ActiveCfg = Release|Win32
		{4915B5B4-800B-40E2-A46B-703F8F38E066}.Release|Win32.Build.0 = Release|Win32
		{4915B5B4-800B-40E2-A46B-703F8F38E066}.Release|x64.ActiveCfg = Release|x64
		{4915B5B4-800B-40E2-A46B-703F8F38E066}.Release|x64.Build.0 = Release|x64
		{4915B5B4-800B-40E2-A46B-703F8F38E066}.ReleaseDLL|Win32.ActiveCfg = ReleaseDLL|Win32
		{4915B5B4-800B-40E2-A46B-703F8F38E066}.ReleaseDLL|Win32.Build.0 = ReleaseDLL|Win32
		{4915B5B4-800B-40E2-A46B-703F8F38E066}.ReleaseDLL|x64.ActiveCfg = ReleaseDLL|x64
		{4915B5B4-800B-40E2-A46B-703F8F38E066}.ReleaseDLL|x64.Build.0 = ReleaseDLL|x64
		{D7B74341-C2E2-470B-A375-3E97CECA3457}.Debug|Win32.ActiveCfg = Debug|Win32
		{D7B74341-C2E2-470B-A375-3E97CECA3457}.Debug|Win32.Build.0 = Debug|Win32
		{D7B74341-C2E2-470B-A375-3E97CECA3457}.Debug|x64.ActiveCfg = Debug|x64
		{D7B74341-C2E2-470B-A375-3E97CECA3457}.Debug|x64.Build.0 = Debug|x64
		{D7B74341-C2E2-470B-A375-3E97CECA3457}.DebugDLL|Win32.ActiveCfg = DebugDLL|Win32
		{D7B74341-C2E2-470B-A375-3E97CECA3457}.DebugDLL|Win32.Build.0 = DebugDLL|Win32
		{D7B74341-C2E2-470B-A375-3E97CECA3457}.DebugDLL|x64.ActiveCfg = DebugDLL|x64
		{D7B74341-C2E2-470B-A375-3E97CECA3457}.DebugDLL|x64.Build.0 = DebugDLL|x64
		{D7B74341-C2E2-470B-A375-3E97CECA3457}.Release|Win32.ActiveCfg = Release|Win32
		{D7B74341-C2E2-470B-A375-3E97CECA3457}.Release|Win32.Build.0 = Release|Win32
		{D7B74341-C2E2-470B-A375-3E97CECA3457}.Release|x64.ActiveCfg = Release|x64
		{D7B74341-C2E2-470B-A375-3E97CECA3457}.Release|x64.Build.0 = Release|x64
		{D7B74341-C2E2-470B-A375-3E97CECA3457}.ReleaseDLL|Win32.ActiveCfg = ReleaseDLL|Win32
		{D7B74341-C2E2-470B-A375-3E97CECA3457}.ReleaseDLL|Win32.Build.0 = ReleaseDLL|Win32
		{D7B74341-C2E2-470B-A375-3E97CECA3457}.ReleaseDLL|x64.ActiveCfg = ReleaseDLL|x64
		{D7B74341-C2E2-470B-A375-3E97CECA3457}.ReleaseDLL|x64.Build.0 = ReleaseDLL|x64
		{280AB789-07FF-49FD-9FDD-4459AC601D24}.Debug|Win32.ActiveCfg = Debug|Win32
		{280AB789-07FF-49FD-9FDD-4459AC601D24}.Debug|Win32.Build.0 = Debug|Win32
		{280AB789-07FF-49FD-9FDD-4459AC601D24}.Debug|x64.ActiveCfg = Debug|x64
		{280AB789-07FF-49FD-9FDD-4459AC601D24}.Debug|x64.Build.0 = Debug|x64
		{280AB789-07FF-49FD-9FDD-4459AC601D24}.DebugDLL|Win32.ActiveCfg = DebugDLL|Win32
		{280AB789-07FF-49FD-9FDD-4459AC601D24}.DebugDLL|Win32.Build.0 = DebugDLL|Win32
		{280AB789-07FF-49FD-9FDD-4459AC601D24}.DebugDLL|x64.ActiveCfg = DebugDLL|x64
		{280AB789-07FF-49FD-9FDD-4459AC601D24}.DebugDLL|x64.Build.0 = DebugDLL|x64
		{280AB789-07FF-49FD-9FDD-4459AC601D24}.Release|Win32.ActiveCfg = Release|Win32
		{280AB789-07FF-49FD-9FDD-4459AC601D24}.Release|Win32.Build.0 = Release|Win32
		{280AB789-07FF-49FD-9FDD-4459AC601D24}.Release|x64.ActiveCfg = Release|x64
		{280AB789-07FF-49FD-9FDD-4459AC601D24}.Release|x64.Build.0 = Release|x64
		{280AB789-07FF-49FD-9FDD-4459AC601D24}.ReleaseDLL|Win32.ActiveCfg = ReleaseDLL|Win32
		{280AB789-07FF-49FD-9FDD-4459AC601D24}.ReleaseDLL|Win32.Build.0 = ReleaseDLL|Win32
		{280AB789-07FF-49FD-9FDD-4459AC601D24}.ReleaseDLL|x64.ActiveCfg = ReleaseDLL|x64
		{280AB789-07FF-49FD-9FDD-4459AC601D24}.ReleaseDLL|x64.Build.0 = ReleaseDLL|x64
		{E78B9DAF-8937-4C0D-8C49-9C01EBFCF529}.Debug|Win32.ActiveCfg = Debug|Win32
		{E78B9DAF-8937-4C0D-8C49-9C01EBFCF529}.Debug|Win32.Build.0 = Debug|Win32
		{E78B9DAF-8937-4C0D-8C49-9C01EBFCF529}.Debug|x64.ActiveCfg = Debug|x64
		{E78B9DAF-8937-4C0D-8C49-9C01EBFCF529}.Debug|x64.Build.0 = Debug|x64
		{E78B9DAF-8937-4C0D-8C49-9C01EBFCF529}.DebugDLL|Win32.ActiveCfg = DebugDLL|Win32
		{E78B9DAF-8937-4C0D-8C49-9C01EBFCF529}.DebugDLL|Win32.Build.0 = DebugDLL|Win32
		{E78B9DAF-8937-4C0D-8C49-9C01EBFCF529}.DebugDLL|x64.ActiveCfg = DebugDLL|x64
		{E78B9DAF-8937-4C0D-8C49-9C01EBFCF529}.DebugDLL|x64.Build.0 = DebugDLL|x64
		{E78B9DAF-8937-4C0D-8C49-9C01EBFCF529}.Release|Win32.ActiveCfg = Release|Win32
		{E78B9DAF-8937-4C0D-8C49-9C01EBFCF529}.Release|Win32.Build.0 = Release|Win32
		{E78B9DAF-8937-4C0D-8C49-9C01EBFCF529}.Release|x64.ActiveCfg = Release|x64
		{E78B9DAF-8937-4C0D-8C49-9C01EBFCF529}.Release|x64.Build.0 = Release|x64
		{E78B9DAF-8937-4C0D-8C49-9C01EBFCF529}.ReleaseDLL|Win32.ActiveCfg = ReleaseDLL|Win32
		{E78B9DAF-8937-4C0D-8C49-9C01EBFCF529}.ReleaseDLL|Win32.Build.0 = ReleaseDLL|Win32
		{E78B9DAF-8937-4C0D-8C49-9C01EBFCF529}.ReleaseDLL|x64.ActiveCfg = ReleaseDLL|x64
		{E78B9DAF-8937-4C0D-8C49-9C01EBFCF529}.ReleaseDLL|x64.Build.0 = ReleaseDLL|x64
		{D710FED2-D476-487D-B22F-63FF60737F7B}.Debug|Win32.ActiveCfg = Debug|Win32
		{D710FED2-D476-487D-B22F-63FF60737F7B}.Debug|Win32.Build.0 = Debug|Win32
		{D710FED2-D476-487D-B22F-63FF60737F7B}.Debug|x64.ActiveCfg = Debug|x64
		{D710FED2-D476-487D-B22F-63FF60737F7B}.Debug|x64.Build.0 = Debug|x64
		{D710FED2-D476-487D-B22F-63FF60737F7B}.DebugDLL|Win32.ActiveCfg = DebugDLL|Win32
		{D710FED2-D476-487D-B22F-63FF60737F7B}.DebugDLL|Win32.Build.0 = DebugDLL|Win32
		{D710FED2-D476-487D-B22F-63FF60737F7B}.DebugDLL|x64.ActiveCfg = DebugDLL|x64
		{D710FED2-D476-487D-B22F-63FF60737F7B}.DebugDLL|x64.Build.0 = DebugDLL|x64
		{D710FED2-D476-487D-B22F-63FF60737F7B}.Release|Win32.ActiveCfg = Release|Win32
		{D710FED2-D476-487D-B22F-63FF60737F7B}.Release|Win32.Build.0 = Release|Win32
		{D710FED2-D476-487D-B22F-63FF60737F7B}.Release|x64.ActiveCfg = Release|x64
		{D710FED2-D476-487D-B22F-63FF60737F7B}.Release|x64.Build.0 = Release|x64
		{D710FED2-D476-487D-B22F-63FF60737F7B}.ReleaseDLL|Win32.ActiveCfg = ReleaseDLL|Win32
		{D710FED2-D476-487D-B22F-63FF60737F7B}.ReleaseDLL|Win32.Build.0 = ReleaseDLL|Win32
		{D710FED2-D476-487D-B22F-63FF60737F7B}.ReleaseDLL|x64.ActiveCfg = ReleaseDLL|x64
		{D710FED2-D476-487D-B22F-63FF60737F7B}.ReleaseDLL|x64.Build.0 = ReleaseDLL|x64
		{C6E70FEE-EDEF-47CA-BA86-CBE4698B387F}.Debug|Win32.ActiveCfg = Debug|Win32
		{C6E70FEE-EDEF-47CA-BA86-CBE4698B387F}.Debug|Win32.Build.0 = Debug|Win32
		{C6E70FEE-EDEF-47CA-BA86-CBE4698B387F}.Debug|x64.ActiveCfg = Debug|x64
		{C6E70FEE-EDEF-47CA-BA86-CBE4698B387F}.Debug|x64.Build.0 = Debug|x64
		{C6E70FEE-EDEF-47CA-BA86-CBE4698B387F}.DebugDLL|Win32.ActiveCfg = DebugDLL|Win32
		{C6E70FEE-EDEF-47CA-BA86-CBE4698B387F}.DebugDLL|Win32.Build.0 = DebugDLL|Win32
		{C6E70FEE-EDEF-47CA-BA86-CBE4698B387F}.DebugDLL|x64.ActiveCfg = DebugDLL|x64
		{C6E70FEE-EDEF-47CA-BA86-CBE4698B387F}.DebugDLL|x64.Build.0 = DebugDLL|x64
		{C6E70FEE-EDEF-47CA-BA86-CBE4698B387F}.Release|Win32.ActiveCfg = Release|Win32
		{C6E70FEE-EDEF-47CA-BA86-CBE4698B387F}.Release|Win32.Build.0 = Release|Win32
		{C6E70FEE-EDEF-47CA-BA86-CBE4698B387F}.Release|x64.ActiveCfg = Release|x64
		{C6E70FEE-EDEF-47CA-BA86-CBE4698B387F}.Release|x64.Build.0 = Release|x64
		{C6E70FEE-EDEF-47CA-BA86-CBE4698B387F}.ReleaseDLL|Win32.ActiveCfg = ReleaseDLL|Win32
		{C6E70FEE-EDEF-47CA-BA86-CBE4698B387F}.ReleaseDLL|Win32.Build.0 = ReleaseDLL|Win32
		{C6E70FEE-EDEF-47CA-BA86-CBE4698B387F}.ReleaseDLL|x64.ActiveCfg = ReleaseDLL|x64
		{C6E70FEE-EDEF-47CA-BA86-CBE4698B387F}.ReleaseDLL|x64.Build.0 = ReleaseDLL|x64
	EndGlobalSection
	GlobalSection(SolutionProperties) = preSolution
		HideSolutionNode = FALSE
	EndGlobalSection
	GlobalSection(NestedProjects) = preSolution
		{4915B5B4-800B-40E2-A46B-703F8F38E066} = {E418B25F-84FD-4325-9C98-28E895601AD4}
		{D7B74341-C2E2-470B-A375-3E97CECA3457} = {E418B25F-84FD-4325-9C98-28E895601AD4}
		{280AB789-07FF-49FD-9FDD-4459AC601D24} = {E418B25F-84FD-4325-9C98-28E895601AD4}
		{E78B9DAF-8937-4C0D-8C49-9C01EBFCF529} = {E418B25F-84FD-4325-9C98-28E895601AD4}
		{D710FED2-D476-487D-B22F-63FF60737F7B} = {E418B25F-84FD-4325-9C98-28E895601AD4}
		{C6E70FEE-EDEF-47CA-BA86-CBE4698B387F} = {E418B25F-84FD-4325-9C98-28E895601AD4}
	EndGlobalSection
EndGlobal
