<?xml version="1.0" encoding="utf-8"?>
<Project ToolsVersion="4.0" xmlns="http://schemas.microsoft.com/developer/msbuild/2003">
  <ItemGroup>
    <Filter Include="Source Files">
      <UniqueIdentifier>{4FC737F1-C7A5-4376-A066-2A32D752A2FF}</UniqueIdentifier>
      <Extensions>cpp;c;cc;cxx;def;odl;idl;hpj;bat;asm;asmx</Extensions>
    </Filter>
    <Filter Include="Header Files">
      <UniqueIdentifier>{93995380-89BD-4b04-88EB-625FBE52EBFB}</UniqueIdentifier>
      <Extensions>h;hpp;hxx;hm;inl;inc;xsd</Extensions>
    </Filter>
    <Filter Include="Project Notes">
      <UniqueIdentifier>{192ab553-d892-4e60-84c3-3d877305dbbd}</UniqueIdentifier>
    </Filter>
  </ItemGroup>
  <ItemGroup>
    <ClCompile Include="Portals.cpp">
      <Filter>Source Files</Filter>
    </ClCompile>
  </ItemGroup>
  <ItemGroup>
    <ClInclude Include="Portals.h">
      <Filter>Header Files</Filter>
    </ClInclude>
  </ItemGroup>
  <ItemGroup>
    <None Include="ProjectNotes\BspTree.txt">
      <Filter>Project Notes</Filter>
    </None>
    <None Include="ProjectNotes\CenterTessellate.png">
      <Filter>Project Notes</Filter>
    </None>
    <None Include="ProjectNotes\ConnectorTessellate.png">
      <Filter>Project Notes</Filter>
    </None>
    <None Include="ProjectNotes\EndTessellate.png">
      <Filter>Project Notes</Filter>
    </None>
    <None Include="ProjectNotes\Layout.png">
      <Filter>Project Notes</Filter>
    </None>
    <None Include="ProjectNotes\Outside.png">
      <Filter>Project Notes</Filter>
    </None>
    <None Include="ProjectNotes\ReadMe.txt">
      <Filter>Project Notes</Filter>
    </None>
  </ItemGroup>
</Project>